
Microsoft Visual Studio Solution File, Format Version 12.00
# Visual Studio Version 16
VisualStudioVersion = 16.0.30717.126
MinimumVisualStudioVersion = 10.0.40219.1
Project("{FAE04EC0-301F-11D3-BF4B-00C04F79EFBC}") = "SchoolManagementDB", "SchoolManagementDB\SchoolManagementDB.csproj", "{FC63FF6F-F8FE-4A57-9B61-0BC1207DA831}"
EndProject
Global
	GlobalSection(SolutionConfigurationPlatforms) = preSolution
		Debug|Any CPU = Debug|Any CPU
		Release|Any CPU = Release|Any CPU
	EndGlobalSection
	GlobalSection(ProjectConfigurationPlatforms) = postSolution
		{FC63FF6F-F8FE-4A57-9B61-0BC1207DA831}.Debug|Any CPU.ActiveCfg = Debug|Any CPU
		{FC63FF6F-F8FE-4A57-9B61-0BC1207DA831}.Debug|Any CPU.Build.0 = Debug|Any CPU
		{FC63FF6F-F8FE-4A57-9B61-0BC1207DA831}.Release|Any CPU.ActiveCfg = Release|Any CPU
		{FC63FF6F-F8FE-4A57-9B61-0BC1207DA831}.Release|Any CPU.Build.0 = Release|Any CPU
	EndGlobalSection
	GlobalSection(SolutionProperties) = preSolution
		HideSolutionNode = FALSE
	EndGlobalSection
	GlobalSection(ExtensibilityGlobals) = postSolution
		SolutionGuid = {09CE02A1-967A-49BD-9CD1-23BDB80443A2}
	EndGlobalSection
EndGlobal
